
Microsoft Visual Studio Solution File, Format Version 12.00
# Visual Studio 15
Project("{FAE04EC0-301F-11D3-BF4B-00C04F79EFBC}") = "Assembly-CSharp", "Assembly-CSharp.csproj", "{61956906-D751-C826-BAEB-4C65EB38BDA2}"
EndProject
Project("{FAE04EC0-301F-11D3-BF4B-00C04F79EFBC}") = "Assembly-CSharp-firstpass", "Assembly-CSharp-firstpass.csproj", "{B87372C8-2B1F-0827-391F-DEA8779EA667}"
EndProject
Project("{FAE04EC0-301F-11D3-BF4B-00C04F79EFBC}") = "Assembly-CSharp-Editor-firstpass", "Assembly-CSharp-Editor-firstpass.csproj", "{4476BF47-27BD-2120-5761-750ED349339E}"
EndProject
Global
	GlobalSection(SolutionConfigurationPlatforms) = preSolution
		Debug|Any CPU = Debug|Any CPU
		Release|Any CPU = Release|Any CPU
	EndGlobalSection
	GlobalSection(ProjectConfigurationPlatforms) = postSolution
		{61956906-D751-C826-BAEB-4C65EB38BDA2}.Debug|Any CPU.ActiveCfg = Debug|Any CPU
		{61956906-D751-C826-BAEB-4C65EB38BDA2}.Debug|Any CPU.Build.0 = Debug|Any CPU
		{61956906-D751-C826-BAEB-4C65EB38BDA2}.Release|Any CPU.ActiveCfg = Release|Any CPU
		{61956906-D751-C826-BAEB-4C65EB38BDA2}.Release|Any CPU.Build.0 = Release|Any CPU
		{B87372C8-2B1F-0827-391F-DEA8779EA667}.Debug|Any CPU.ActiveCfg = Debug|Any CPU
		{B87372C8-2B1F-0827-391F-DEA8779EA667}.Debug|Any CPU.Build.0 = Debug|Any CPU
		{B87372C8-2B1F-0827-391F-DEA8779EA667}.Release|Any CPU.ActiveCfg = Release|Any CPU
		{B87372C8-2B1F-0827-391F-DEA8779EA667}.Release|Any CPU.Build.0 = Release|Any CPU
		{4476BF47-27BD-2120-5761-750ED349339E}.Debug|Any CPU.ActiveCfg = Debug|Any CPU
		{4476BF47-27BD-2120-5761-750ED349339E}.Debug|Any CPU.Build.0 = Debug|Any CPU
		{4476BF47-27BD-2120-5761-750ED349339E}.Release|Any CPU.ActiveCfg = Release|Any CPU
		{4476BF47-27BD-2120-5761-750ED349339E}.Release|Any CPU.Build.0 = Release|Any CPU
	EndGlobalSection
	GlobalSection(SolutionProperties) = preSolution
		HideSolutionNode = FALSE
	EndGlobalSection
EndGlobal
